
Microsoft Visual Studio Solution File, Format Version 12.00
# Visual Studio Version 17
VisualStudioVersion = 17.13.35708.224
MinimumVisualStudioVersion = 10.0.40219.1
Project("{2150E333-8FDC-42A3-9474-1A3956D46DE8}") = "Samples", "Samples", "{02EA681E-C7D8-13C7-8484-4AC65E1B71E8}"
EndProject
Project("{2150E333-8FDC-42A3-9474-1A3956D46DE8}") = "CommunityToolkit.WinForms", "CommunityToolkit.WinForms", "{55C536A0-7C89-4D4D-A561-5D5B7D9A83D8}"
EndProject
Project("{2150E333-8FDC-42A3-9474-1A3956D46DE8}") = "_solution items", "_solution items", "{69C008BF-8646-4F41-AF40-FA79FB9AC566}"
	ProjectSection(SolutionItems) = preProject
		.editorconfig = .editorconfig
		.gitignore = .gitignore
		global.json = global.json
		README.md = README.md
	EndProjectSection
EndProject
Project("{FAE04EC0-301F-11D3-BF4B-00C04F79EFBC}") = "Chatty", "samples\cs\Chatty\Chatty.csproj", "{ED5BF976-41F7-FFED-45D1-B29774A37889}"
EndProject
Global
	GlobalSection(SolutionConfigurationPlatforms) = preSolution
		Debug|Any CPU = Debug|Any CPU
		Release|Any CPU = Release|Any CPU
	EndGlobalSection
	GlobalSection(ProjectConfigurationPlatforms) = postSolution
		{ED5BF976-41F7-FFED-45D1-B29774A37889}.Debug|Any CPU.ActiveCfg = Debug|Any CPU
		{ED5BF976-41F7-FFED-45D1-B29774A37889}.Debug|Any CPU.Build.0 = Debug|Any CPU
		{ED5BF976-41F7-FFED-45D1-B29774A37889}.Release|Any CPU.ActiveCfg = Release|Any CPU
		{ED5BF976-41F7-FFED-45D1-B29774A37889}.Release|Any CPU.Build.0 = Release|Any CPU
	EndGlobalSection
	GlobalSection(SolutionProperties) = preSolution
		HideSolutionNode = FALSE
	EndGlobalSection
	GlobalSection(NestedProjects) = preSolution
		{ED5BF976-41F7-FFED-45D1-B29774A37889} = {02EA681E-C7D8-13C7-8484-4AC65E1B71E8}
	EndGlobalSection
	GlobalSection(ExtensibilityGlobals) = postSolution
		SolutionGuid = {C29EC333-F508-4B96-AD8D-01F199315E0E}
	EndGlobalSection
EndGlobal
